
Microsoft Visual Studio Solution File, Format Version 12.00
# Visual Studio Version 17
VisualStudioVersion = 17.5.002.0
MinimumVisualStudioVersion = 10.0.40219.1
Project("{9A19103F-16F7-4668-BE54-9A1E7A4F7556}") = "ToDoList", "ToDoList.csproj", "{59D1BFCE-8362-402A-AA15-7FADD25CBE73}"
EndProject
Global
	GlobalSection(SolutionConfigurationPlatforms) = preSolution
		Debug|Any CPU = Debug|Any CPU
		Release|Any CPU = Release|Any CPU
	EndGlobalSection
	GlobalSection(ProjectConfigurationPlatforms) = postSolution
		{59D1BFCE-8362-402A-AA15-7FADD25CBE73}.Debug|Any CPU.ActiveCfg = Debug|Any CPU
		{59D1BFCE-8362-402A-AA15-7FADD25CBE73}.Debug|Any CPU.Build.0 = Debug|Any CPU
		{59D1BFCE-8362-402A-AA15-7FADD25CBE73}.Release|Any CPU.ActiveCfg = Release|Any CPU
		{59D1BFCE-8362-402A-AA15-7FADD25CBE73}.Release|Any CPU.Build.0 = Release|Any CPU
	EndGlobalSection
	GlobalSection(SolutionProperties) = preSolution
		HideSolutionNode = FALSE
	EndGlobalSection
	GlobalSection(ExtensibilityGlobals) = postSolution
		SolutionGuid = {FCBE26D3-D6B1-48DE-90E0-479D0C2122E6}
	EndGlobalSection
EndGlobal
